
Microsoft Visual Studio Solution File, Format Version 12.00
# Visual Studio Version 17
VisualStudioVersion = 17.3.32929.385
MinimumVisualStudioVersion = 10.0.40219.1
Project("{9A19103F-16F7-4668-BE54-9A1E7A4F7556}") = "ManagementSystem", "ManagementSystem\ManagementSystem.csproj", "{641814EF-7423-4B17-BAF9-5466529C5F85}"
EndProject
Project("{9A19103F-16F7-4668-BE54-9A1E7A4F7556}") = "Persistence", "Persistence\Persistence.csproj", "{080A2495-6F09-4D39-B3C8-530D86D062D6}"
EndProject
Global
	GlobalSection(SolutionConfigurationPlatforms) = preSolution
		Debug|Any CPU = Debug|Any CPU
		Release|Any CPU = Release|Any CPU
	EndGlobalSection
	GlobalSection(ProjectConfigurationPlatforms) = postSolution
		{641814EF-7423-4B17-BAF9-5466529C5F85}.Debug|Any CPU.ActiveCfg = Debug|Any CPU
		{641814EF-7423-4B17-BAF9-5466529C5F85}.Debug|Any CPU.Build.0 = Debug|Any CPU
		{641814EF-7423-4B17-BAF9-5466529C5F85}.Release|Any CPU.ActiveCfg = Release|Any CPU
		{641814EF-7423-4B17-BAF9-5466529C5F85}.Release|Any CPU.Build.0 = Release|Any CPU
		{080A2495-6F09-4D39-B3C8-530D86D062D6}.Debug|Any CPU.ActiveCfg = Debug|Any CPU
		{080A2495-6F09-4D39-B3C8-530D86D062D6}.Debug|Any CPU.Build.0 = Debug|Any CPU
		{080A2495-6F09-4D39-B3C8-530D86D062D6}.Release|Any CPU.ActiveCfg = Release|Any CPU
		{080A2495-6F09-4D39-B3C8-530D86D062D6}.Release|Any CPU.Build.0 = Release|Any CPU
	EndGlobalSection
	GlobalSection(SolutionProperties) = preSolution
		HideSolutionNode = FALSE
	EndGlobalSection
	GlobalSection(ExtensibilityGlobals) = postSolution
		SolutionGuid = {E0A916A4-0F26-488C-8EEE-3B909C5B91C7}
	EndGlobalSection
EndGlobal
